
Microsoft Visual Studio Solution File, Format Version 12.00
# Visual Studio Version 17
VisualStudioVersion = 17.11.35312.102
MinimumVisualStudioVersion = 10.0.40219.1
Project("{FAE04EC0-301F-11D3-BF4B-00C04F79EFBC}") = "WordFinder", "WordFinder\WordFinder.csproj", "{A6196C9D-955C-4C02-857F-5278DA74B65B}"
EndProject
Global
	GlobalSection(SolutionConfigurationPlatforms) = preSolution
		Debug|Any CPU = Debug|Any CPU
		Release|Any CPU = Release|Any CPU
	EndGlobalSection
	GlobalSection(ProjectConfigurationPlatforms) = postSolution
		{A6196C9D-955C-4C02-857F-5278DA74B65B}.Debug|Any CPU.ActiveCfg = Debug|Any CPU
		{A6196C9D-955C-4C02-857F-5278DA74B65B}.Debug|Any CPU.Build.0 = Debug|Any CPU
		{A6196C9D-955C-4C02-857F-5278DA74B65B}.Release|Any CPU.ActiveCfg = Release|Any CPU
		{A6196C9D-955C-4C02-857F-5278DA74B65B}.Release|Any CPU.Build.0 = Release|Any CPU
	EndGlobalSection
	GlobalSection(SolutionProperties) = preSolution
		HideSolutionNode = FALSE
	EndGlobalSection
	GlobalSection(ExtensibilityGlobals) = postSolution
		SolutionGuid = {B5C47036-578C-47AE-A334-EF312F2EA4D4}
	EndGlobalSection
EndGlobal
