
Microsoft Visual Studio Solution File, Format Version 12.00
# Visual Studio Version 17
VisualStudioVersion = 17.11.35312.102
MinimumVisualStudioVersion = 10.0.40219.1
Project("{9A19103F-16F7-4668-BE54-9A1E7A4F7556}") = "Pronia MVC", "Pronia MVC\Pronia MVC.csproj", "{8F0F865D-E74E-4844-ADFF-98CF14AAA56D}"
EndProject
Project("{9A19103F-16F7-4668-BE54-9A1E7A4F7556}") = "DataAccessLayer", "DataAccessLayer\DataAccessLayer.csproj", "{E4FC6780-895F-461B-9A90-EF74E12B42D2}"
EndProject
Project("{9A19103F-16F7-4668-BE54-9A1E7A4F7556}") = "BusinessLayer", "BusinessLayer\BusinessLayer.csproj", "{EC9267A9-F5AB-4AFE-83E3-04A080D522B5}"
EndProject
Global
	GlobalSection(SolutionConfigurationPlatforms) = preSolution
		Debug|Any CPU = Debug|Any CPU
		Release|Any CPU = Release|Any CPU
	EndGlobalSection
	GlobalSection(ProjectConfigurationPlatforms) = postSolution
		{8F0F865D-E74E-4844-ADFF-98CF14AAA56D}.Debug|Any CPU.ActiveCfg = Debug|Any CPU
		{8F0F865D-E74E-4844-ADFF-98CF14AAA56D}.Debug|Any CPU.Build.0 = Debug|Any CPU
		{8F0F865D-E74E-4844-ADFF-98CF14AAA56D}.Release|Any CPU.ActiveCfg = Release|Any CPU
		{8F0F865D-E74E-4844-ADFF-98CF14AAA56D}.Release|Any CPU.Build.0 = Release|Any CPU
		{E4FC6780-895F-461B-9A90-EF74E12B42D2}.Debug|Any CPU.ActiveCfg = Debug|Any CPU
		{E4FC6780-895F-461B-9A90-EF74E12B42D2}.Debug|Any CPU.Build.0 = Debug|Any CPU
		{E4FC6780-895F-461B-9A90-EF74E12B42D2}.Release|Any CPU.ActiveCfg = Release|Any CPU
		{E4FC6780-895F-461B-9A90-EF74E12B42D2}.Release|Any CPU.Build.0 = Release|Any CPU
		{EC9267A9-F5AB-4AFE-83E3-04A080D522B5}.Debug|Any CPU.ActiveCfg = Debug|Any CPU
		{EC9267A9-F5AB-4AFE-83E3-04A080D522B5}.Debug|Any CPU.Build.0 = Debug|Any CPU
		{EC9267A9-F5AB-4AFE-83E3-04A080D522B5}.Release|Any CPU.ActiveCfg = Release|Any CPU
		{EC9267A9-F5AB-4AFE-83E3-04A080D522B5}.Release|Any CPU.Build.0 = Release|Any CPU
	EndGlobalSection
	GlobalSection(SolutionProperties) = preSolution
		HideSolutionNode = FALSE
	EndGlobalSection
	GlobalSection(ExtensibilityGlobals) = postSolution
		SolutionGuid = {9C593317-800F-4EA6-B5B2-47FD40CCDE9F}
	EndGlobalSection
EndGlobal
