
Microsoft Visual Studio Solution File, Format Version 12.00
# Visual Studio Version 17
VisualStudioVersion = 17.11.35312.102
MinimumVisualStudioVersion = 10.0.40219.1
Project("{FAE04EC0-301F-11D3-BF4B-00C04F79EFBC}") = "Pronia Project", "Pronia Project\Pronia Project.csproj", "{95E1F6FE-8CB8-4334-BC14-8899788D99D9}"
EndProject
Global
	GlobalSection(SolutionConfigurationPlatforms) = preSolution
		Debug|Any CPU = Debug|Any CPU
		Release|Any CPU = Release|Any CPU
	EndGlobalSection
	GlobalSection(ProjectConfigurationPlatforms) = postSolution
		{95E1F6FE-8CB8-4334-BC14-8899788D99D9}.Debug|Any CPU.ActiveCfg = Debug|Any CPU
		{95E1F6FE-8CB8-4334-BC14-8899788D99D9}.Debug|Any CPU.Build.0 = Debug|Any CPU
		{95E1F6FE-8CB8-4334-BC14-8899788D99D9}.Release|Any CPU.ActiveCfg = Release|Any CPU
		{95E1F6FE-8CB8-4334-BC14-8899788D99D9}.Release|Any CPU.Build.0 = Release|Any CPU
	EndGlobalSection
	GlobalSection(SolutionProperties) = preSolution
		HideSolutionNode = FALSE
	EndGlobalSection
	GlobalSection(ExtensibilityGlobals) = postSolution
		SolutionGuid = {C5009683-EE85-43DC-9F80-34248CBA369C}
	EndGlobalSection
EndGlobal
